Microsoft Visual Studio Solution File, Format Version 12.00
# Visual Studio Version 16
VisualStudioVersion = 16.0.28803.202
MinimumVisualStudioVersion = 10.0.40219.1
Project("{9A19103F-16F7-4668-BE54-9A1E7A4F7556}") = "Neo4jManager.ServiceModel", "Neo4jManager.ServiceModel\Neo4jManager.ServiceModel.csproj", "{0127B6CA-1B79-46A6-8307-B36836D107F0}"
EndProject
Project("{9A19103F-16F7-4668-BE54-9A1E7A4F7556}") = "Neo4jManager.Tests", "Neo4jManager.Tests\Neo4jManager.Tests.csproj", "{455EC1EF-134F-4CD4-9C78-E813E4E6D8F6}"
EndProject
Project("{9A19103F-16F7-4668-BE54-9A1E7A4F7556}") = "Neo4jManager.ServiceInterface", "Neo4jManager.ServiceInterface\Neo4jManager.ServiceInterface.csproj", "{13812B6A-B0F9-4EDF-A955-7C01CBB60C18}"
EndProject
Project("{9A19103F-16F7-4668-BE54-9A1E7A4F7556}") = "Neo4jManager.Host", "Neo4jManager.Host\Neo4jManager.Host.csproj", "{BF01B326-D493-4C1B-9281-7AAC133E1403}"
EndProject
Global
	GlobalSection(SolutionConfigurationPlatforms) = preSolution
		Debug|Any CPU = Debug|Any CPU
		Release|Any CPU = Release|Any CPU
	EndGlobalSection
	GlobalSection(ProjectConfigurationPlatforms) = postSolution
		{0127B6CA-1B79-46A6-8307-B36836D107F0}.Debug|Any CPU.ActiveCfg = Debug|Any CPU
		{0127B6CA-1B79-46A6-8307-B36836D107F0}.Debug|Any CPU.Build.0 = Debug|Any CPU
		{0127B6CA-1B79-46A6-8307-B36836D107F0}.Release|Any CPU.ActiveCfg = Release|Any CPU
		{0127B6CA-1B79-46A6-8307-B36836D107F0}.Release|Any CPU.Build.0 = Release|Any CPU
		{455EC1EF-134F-4CD4-9C78-E813E4E6D8F6}.Debug|Any CPU.ActiveCfg = Debug|Any CPU
		{455EC1EF-134F-4CD4-9C78-E813E4E6D8F6}.Debug|Any CPU.Build.0 = Debug|Any CPU
		{455EC1EF-134F-4CD4-9C78-E813E4E6D8F6}.Release|Any CPU.ActiveCfg = Release|Any CPU
		{455EC1EF-134F-4CD4-9C78-E813E4E6D8F6}.Release|Any CPU.Build.0 = Release|Any CPU
		{13812B6A-B0F9-4EDF-A955-7C01CBB60C18}.Debug|Any CPU.ActiveCfg = Debug|Any CPU
		{13812B6A-B0F9-4EDF-A955-7C01CBB60C18}.Debug|Any CPU.Build.0 = Debug|Any CPU
		{13812B6A-B0F9-4EDF-A955-7C01CBB60C18}.Release|Any CPU.ActiveCfg = Release|Any CPU
		{13812B6A-B0F9-4EDF-A955-7C01CBB60C18}.Release|Any CPU.Build.0 = Release|Any CPU
		{BF01B326-D493-4C1B-9281-7AAC133E1403}.Debug|Any CPU.ActiveCfg = Debug|Any CPU
		{BF01B326-D493-4C1B-9281-7AAC133E1403}.Debug|Any CPU.Build.0 = Debug|Any CPU
		{BF01B326-D493-4C1B-9281-7AAC133E1403}.Release|Any CPU.ActiveCfg = Release|Any CPU
		{BF01B326-D493-4C1B-9281-7AAC133E1403}.Release|Any CPU.Build.0 = Release|Any CPU
	EndGlobalSection
	GlobalSection(SolutionProperties) = preSolution
		HideSolutionNode = FALSE
	EndGlobalSection
	GlobalSection(ExtensibilityGlobals) = postSolution
		SolutionGuid = {02854F2A-8EF4-468E-80A3-CD64BBAF5D15}
	EndGlobalSection
EndGlobal
