
Microsoft Visual Studio Solution File, Format Version 12.00
# Visual Studio 15
VisualStudioVersion = 15.0.26730.16
MinimumVisualStudioVersion = 10.0.40219.1
Project("{9A19103F-16F7-4668-BE54-9A1E7A4F7556}") = "Neo4jManager.TestConsole", "Neo4jManager.TestConsole\Neo4jManager.TestConsole.csproj", "{C2EB5161-EAA3-42D8-A121-A2036B1BE51E}"
EndProject
Project("{9A19103F-16F7-4668-BE54-9A1E7A4F7556}") = "Neo4jManager", "Neo4jManager\Neo4jManager.csproj", "{9C7C4D77-8865-4D99-9972-C4732471D635}"
EndProject
Project("{9A19103F-16F7-4668-BE54-9A1E7A4F7556}") = "Neo4jManager.Client", "Neo4jManager.Client\Neo4jManager.Client.csproj", "{965BD7B2-1F09-4AA8-9BA5-D851243398C0}"
EndProject
Project("{9A19103F-16F7-4668-BE54-9A1E7A4F7556}") = "Neo4jManager.Host", "Neo4jManager.Host\Neo4jManager.Host.csproj", "{568BB1B1-E8AD-4405-A9DD-31816C6C9C16}"
EndProject
Global
	GlobalSection(SolutionConfigurationPlatforms) = preSolution
		Debug|Any CPU = Debug|Any CPU
		Release|Any CPU = Release|Any CPU
	EndGlobalSection
	GlobalSection(ProjectConfigurationPlatforms) = postSolution
		{C2EB5161-EAA3-42D8-A121-A2036B1BE51E}.Debug|Any CPU.ActiveCfg = Debug|Any CPU
		{C2EB5161-EAA3-42D8-A121-A2036B1BE51E}.Debug|Any CPU.Build.0 = Debug|Any CPU
		{C2EB5161-EAA3-42D8-A121-A2036B1BE51E}.Release|Any CPU.ActiveCfg = Release|Any CPU
		{C2EB5161-EAA3-42D8-A121-A2036B1BE51E}.Release|Any CPU.Build.0 = Release|Any CPU
		{9C7C4D77-8865-4D99-9972-C4732471D635}.Debug|Any CPU.ActiveCfg = Debug|Any CPU
		{9C7C4D77-8865-4D99-9972-C4732471D635}.Debug|Any CPU.Build.0 = Debug|Any CPU
		{9C7C4D77-8865-4D99-9972-C4732471D635}.Release|Any CPU.ActiveCfg = Release|Any CPU
		{9C7C4D77-8865-4D99-9972-C4732471D635}.Release|Any CPU.Build.0 = Release|Any CPU
		{965BD7B2-1F09-4AA8-9BA5-D851243398C0}.Debug|Any CPU.ActiveCfg = Debug|Any CPU
		{965BD7B2-1F09-4AA8-9BA5-D851243398C0}.Debug|Any CPU.Build.0 = Debug|Any CPU
		{965BD7B2-1F09-4AA8-9BA5-D851243398C0}.Release|Any CPU.ActiveCfg = Release|Any CPU
		{965BD7B2-1F09-4AA8-9BA5-D851243398C0}.Release|Any CPU.Build.0 = Release|Any CPU
		{568BB1B1-E8AD-4405-A9DD-31816C6C9C16}.Debug|Any CPU.ActiveCfg = Debug|Any CPU
		{568BB1B1-E8AD-4405-A9DD-31816C6C9C16}.Debug|Any CPU.Build.0 = Debug|Any CPU
		{568BB1B1-E8AD-4405-A9DD-31816C6C9C16}.Release|Any CPU.ActiveCfg = Release|Any CPU
		{568BB1B1-E8AD-4405-A9DD-31816C6C9C16}.Release|Any CPU.Build.0 = Release|Any CPU
	EndGlobalSection
	GlobalSection(SolutionProperties) = preSolution
		HideSolutionNode = FALSE
	EndGlobalSection
	GlobalSection(ExtensibilityGlobals) = postSolution
		SolutionGuid = {08411D29-D280-494B-B110-1E5B374BE69D}
	EndGlobalSection
EndGlobal
